
Microsoft Visual Studio Solution File, Format Version 12.00
# Visual Studio Version 17
VisualStudioVersion = 17.7.34221.43
MinimumVisualStudioVersion = 10.0.40219.1
Project("{8BC9CEB8-8B4A-11D0-8D11-00A0C91BC942}") = "TicTacToe_DomergueMartin", "TicTacToe_DomergueMartin\TicTacToe_DomergueMartin.vcxproj", "{E778B335-071C-4910-A514-0E67D5FB71C0}"
EndProject
Global
	GlobalSection(SolutionConfigurationPlatforms) = preSolution
		Debug|x64 = Debug|x64
		Debug|x86 = Debug|x86
		Release|x64 = Release|x64
		Release|x86 = Release|x86
	EndGlobalSection
	GlobalSection(ProjectConfigurationPlatforms) = postSolution
		{E778B335-071C-4910-A514-0E67D5FB71C0}.Debug|x64.ActiveCfg = Debug|x64
		{E778B335-071C-4910-A514-0E67D5FB71C0}.Debug|x64.Build.0 = Debug|x64
		{E778B335-071C-4910-A514-0E67D5FB71C0}.Debug|x86.ActiveCfg = Debug|Win32
		{E778B335-071C-4910-A514-0E67D5FB71C0}.Debug|x86.Build.0 = Debug|Win32
		{E778B335-071C-4910-A514-0E67D5FB71C0}.Release|x64.ActiveCfg = Release|x64
		{E778B335-071C-4910-A514-0E67D5FB71C0}.Release|x64.Build.0 = Release|x64
		{E778B335-071C-4910-A514-0E67D5FB71C0}.Release|x86.ActiveCfg = Release|Win32
		{E778B335-071C-4910-A514-0E67D5FB71C0}.Release|x86.Build.0 = Release|Win32
	EndGlobalSection
	GlobalSection(SolutionProperties) = preSolution
		HideSolutionNode = FALSE
	EndGlobalSection
	GlobalSection(ExtensibilityGlobals) = postSolution
		SolutionGuid = {F009E699-C171-4420-9E75-B56A92DAD5CC}
	EndGlobalSection
EndGlobal
